hash: b4983c5c43e5fc692c68c4da4a385bcade34a86082b557b784b08753f8531df5
updated: 2018-04-19T09:55:18.049171625+08:00
imports:
- name: github.com/golang-collections/collections
  version: 604e922904d35e97f98a774db7881f049cd8d970
  subpackages:
  - stack
- name: github.com/sirupsen/logrus
  version: c155da19408a8799da419ed3eeb0cb5db0ad5dbc
- name: github.com/tealeg/xlsx
  version: d40e2bb185733dd4bc3c4a1929c35ee844ed3379
- name: github.com/xuri/efp
  version: 46a471783255b4495fa45e2c4c3cf7fe0fa13f39
testImports: []
